
Microsoft Visual Studio Solution File, Format Version 12.00
# Visual Studio 2012
Project("{FAE04EC0-301F-11D3-BF4B-00C04F79EFBC}") = "TmiPivotDevelopment", "TmiPivotDevelopment\TmiPivotDevelopment.csproj", "{00FDDB45-0DCA-4DAA-87A3-16BD0D9ECF65}"
EndProject
Project("{FAE04EC0-301F-11D3-BF4B-00C04F79EFBC}") = "TmiPivotDeployment", "TmiPivotDeployment\TmiPivotDeployment.csproj", "{1BFCA192-976F-4160-B8D9-A63F1ABCFBFB}"
EndProject
Global
	GlobalSection(SolutionConfigurationPlatforms) = preSolution
		Debug|Any CPU = Debug|Any CPU
		Release|Any CPU = Release|Any CPU
	EndGlobalSection
	GlobalSection(ProjectConfigurationPlatforms) = postSolution
		{00FDDB45-0DCA-4DAA-87A3-16BD0D9ECF65}.Debug|Any CPU.ActiveCfg = Debug|Any CPU
		{00FDDB45-0DCA-4DAA-87A3-16BD0D9ECF65}.Debug|Any CPU.Build.0 = Debug|Any CPU
		{00FDDB45-0DCA-4DAA-87A3-16BD0D9ECF65}.Release|Any CPU.ActiveCfg = Release|Any CPU
		{00FDDB45-0DCA-4DAA-87A3-16BD0D9ECF65}.Release|Any CPU.Build.0 = Release|Any CPU
		{1BFCA192-976F-4160-B8D9-A63F1ABCFBFB}.Debug|Any CPU.ActiveCfg = Debug|Any CPU
		{1BFCA192-976F-4160-B8D9-A63F1ABCFBFB}.Debug|Any CPU.Build.0 = Debug|Any CPU
		{1BFCA192-976F-4160-B8D9-A63F1ABCFBFB}.Release|Any CPU.ActiveCfg = Release|Any CPU
		{1BFCA192-976F-4160-B8D9-A63F1ABCFBFB}.Release|Any CPU.Build.0 = Release|Any CPU
	EndGlobalSection
	GlobalSection(SolutionProperties) = preSolution
		HideSolutionNode = FALSE
	EndGlobalSection
EndGlobal
